
Microsoft Visual Studio Solution File, Format Version 12.00
# Visual Studio Version 16
VisualStudioVersion = 16.0.31410.357
MinimumVisualStudioVersion = 10.0.40219.1
Project("{FAE04EC0-301F-11D3-BF4B-00C04F79EFBC}") = "ClientMaster.Api", "ClientMaster.Api\ClientMaster.Api.csproj", "{E1A98009-1DA8-41F2-A8D8-7AA39413DD99}"
EndProject
Project("{FAE04EC0-301F-11D3-BF4B-00C04F79EFBC}") = "ClientMaster.Core", "ClienteMaster.Core\ClientMaster.Core.csproj", "{AB226A25-2B37-42D4-869F-37C8781FBE24}"
EndProject
Global
	GlobalSection(SolutionConfigurationPlatforms) = preSolution
		Debug|Any CPU = Debug|Any CPU
		Release|Any CPU = Release|Any CPU
	EndGlobalSection
	GlobalSection(ProjectConfigurationPlatforms) = postSolution
		{E1A98009-1DA8-41F2-A8D8-7AA39413DD99}.Debug|Any CPU.ActiveCfg = Debug|Any CPU
		{E1A98009-1DA8-41F2-A8D8-7AA39413DD99}.Debug|Any CPU.Build.0 = Debug|Any CPU
		{E1A98009-1DA8-41F2-A8D8-7AA39413DD99}.Release|Any CPU.ActiveCfg = Release|Any CPU
		{E1A98009-1DA8-41F2-A8D8-7AA39413DD99}.Release|Any CPU.Build.0 = Release|Any CPU
		{AB226A25-2B37-42D4-869F-37C8781FBE24}.Debug|Any CPU.ActiveCfg = Debug|Any CPU
		{AB226A25-2B37-42D4-869F-37C8781FBE24}.Debug|Any CPU.Build.0 = Debug|Any CPU
		{AB226A25-2B37-42D4-869F-37C8781FBE24}.Release|Any CPU.ActiveCfg = Release|Any CPU
		{AB226A25-2B37-42D4-869F-37C8781FBE24}.Release|Any CPU.Build.0 = Release|Any CPU
	EndGlobalSection
	GlobalSection(SolutionProperties) = preSolution
		HideSolutionNode = FALSE
	EndGlobalSection
	GlobalSection(ExtensibilityGlobals) = postSolution
		SolutionGuid = {EA68DAE4-2E35-4505-A6DA-84C7C7B52503}
	EndGlobalSection
EndGlobal
